// !$*UTF8*$!
{
	archiveVersion = 1;
	classes = {
	};
	objectVersion = 55;
	objects = {

/* Begin PBXBuildFile section */
		57243B3527CE8E5300D8A5FB /* Localizable.strings in Resources */ = {isa = PBXBuildFile; fileRef = 57243B3727CE8E5300D8A5FB /* Localizable.strings */; };
		57243B3927CE8F4100D8A5FB /* Localizable.stringsdict in Resources */ = {isa = PBXBuildFile; fileRef = 57243B3B27CE8F4100D8A5FB /* Localizable.stringsdict */; };
		57243B3D27CE8FDF00D8A5FB /* Awards.json in Resources */ = {isa = PBXBuildFile; fileRef = 57243B3F27CE8FDF00D8A5FB /* Awards.json */; };
		572DE40627E61FFF0091C27E /* ExpandTests.swift in Sources */ = {isa = PBXBuildFile; fileRef = 572DE40527E61FFF0091C27E /* ExpandTests.swift */; };
		572DE40D27E622420091C27E /* AssestsTest.swift in Sources */ = {isa = PBXBuildFile; fileRef = 572DE40C27E622420091C27E /* AssestsTest.swift */; };
		572DE40F27E623210091C27E /* ProjectTests.swift in Sources */ = {isa = PBXBuildFile; fileRef = 572DE40E27E623210091C27E /* ProjectTests.swift */; };
		5732D9FE278D1D620082E926 /* Bundle-Decodable.swift in Sources */ = {isa = PBXBuildFile; fileRef = 5732D9FD278D1D620082E926 /* Bundle-Decodable.swift */; };
		5732DA02278D21660082E926 /* Award.swift in Sources */ = {isa = PBXBuildFile; fileRef = 5732DA01278D21660082E926 /* Award.swift */; };
		5732DA04278D22220082E926 /* AwardsView.swift in Sources */ = {isa = PBXBuildFile; fileRef = 5732DA03278D22220082E926 /* AwardsView.swift */; };
		5732DA06278D29C10082E926 /* Color-Additions.swift in Sources */ = {isa = PBXBuildFile; fileRef = 5732DA05278D29C10082E926 /* Color-Additions.swift */; };
		5759EAF72783EDC60003A493 /* HomeView.swift in Sources */ = {isa = PBXBuildFile; fileRef = 5759EAF62783EDC60003A493 /* HomeView.swift */; };
		5759EAF92783EE6E0003A493 /* ProjectsView.swift in Sources */ = {isa = PBXBuildFile; fileRef = 5759EAF82783EE6E0003A493 /* ProjectsView.swift */; };
		579C790C27822D75008B7845 /* Expand.swift in Sources */ = {isa = PBXBuildFile; fileRef = 579C790B27822D75008B7845 /* Expand.swift */; };
		579C790E27822D75008B7845 /* ContentView.swift in Sources */ = {isa = PBXBuildFile; fileRef = 579C790D27822D75008B7845 /* ContentView.swift */; };
		579C791027822D78008B7845 /* Assets.xcassets in Resources */ = {isa = PBXBuildFile; fileRef = 579C790F27822D78008B7845 /* Assets.xcassets */; };
		579C791327822D78008B7845 /* Preview Assets.xcassets in Resources */ = {isa = PBXBuildFile; fileRef = 579C791227822D78008B7845 /* Preview Assets.xcassets */; };
		579C791B2782341B008B7845 /* Main.xcdatamodeld in Sources */ = {isa = PBXBuildFile; fileRef = 579C79192782341B008B7845 /* Main.xcdatamodeld */; };
		579C791D2782368F008B7845 /* DataController.swift in Sources */ = {isa = PBXBuildFile; fileRef = 579C791C2782368F008B7845 /* DataController.swift */; };
		57B961B82787CA7A00004321 /* Binding-OnChange.swift in Sources */ = {isa = PBXBuildFile; fileRef = 57B961B72787CA7A00004321 /* Binding-OnChange.swift */; };
		57B961BA2787CF7900004321 /* ProjectHeaderView.swift in Sources */ = {isa = PBXBuildFile; fileRef = 57B961B92787CF7900004321 /* ProjectHeaderView.swift */; };
		57B961BC2787D2C200004321 /* Colors.xcassets in Resources */ = {isa = PBXBuildFile; fileRef = 57B961BB2787D2C200004321 /* Colors.xcassets */; };
		57B961BE2787D40800004321 /* EditProjectView.swift in Sources */ = {isa = PBXBuildFile; fileRef = 57B961BD2787D40800004321 /* EditProjectView.swift */; };
		57BA0E7027E8C36100B43372 /* AwardTests.swift in Sources */ = {isa = PBXBuildFile; fileRef = 57BA0E6F27E8C36100B43372 /* AwardTests.swift */; };
		57D2C0BA2785557500F0FE2D /* Item-CoreDataHelpers.swift in Sources */ = {isa = PBXBuildFile; fileRef = 57D2C0B92785557500F0FE2D /* Item-CoreDataHelpers.swift */; };
		57D2C0BC2785567100F0FE2D /* Project-CoreDataHelpers.swift in Sources */ = {isa = PBXBuildFile; fileRef = 57D2C0BB2785567100F0FE2D /* Project-CoreDataHelpers.swift */; };
		57E038B227DF68640025664F /* ItemListView.swift in Sources */ = {isa = PBXBuildFile; fileRef = 57E038B127DF68640025664F /* ItemListView.swift */; };
		57E038B427DF6A6B0025664F /* ProjectSummaryView.swift in Sources */ = {isa = PBXBuildFile; fileRef = 57E038B327DF6A6B0025664F /* ProjectSummaryView.swift */; };
		57F2AF522786284F00A4D75F /* EditItemView.swift in Sources */ = {isa = PBXBuildFile; fileRef = 57F2AF512786284F00A4D75F /* EditItemView.swift */; };
		57F2AF5427862DA100A4D75F /* ItemRowView.swift in Sources */ = {isa = PBXBuildFile; fileRef = 57F2AF5327862DA100A4D75F /* ItemRowView.swift */; };
/* End PBXBuildFile section */

/* Begin PBXContainerItemProxy section */
		572DE40727E61FFF0091C27E /* PBXContainerItemProxy */ = {
			isa = PBXContainerItemProxy;
			containerPortal = 579C790027822D74008B7845 /* Project object */;
			proxyType = 1;
			remoteGlobalIDString = 579C790727822D74008B7845;
			remoteInfo = Expand;
		};
/* End PBXContainerItemProxy section */

/* Begin PBXFileReference section */
		57243B3627CE8E5300D8A5FB /* en */ = {isa = PBXFileReference; lastKnownFileType = text.plist.strings; name = en; path = en.lproj/Localizable.strings; sourceTree = "<group>"; };
		57243B3827CE8E7300D8A5FB /* hu */ = {isa = PBXFileReference; lastKnownFileType = text.plist.strings; name = hu; path = hu.lproj/Localizable.strings; sourceTree = "<group>"; };
		57243B3A27CE8F4100D8A5FB /* en */ = {isa = PBXFileReference; lastKnownFileType = text.plist.stringsdict; name = en; path = en.lproj/Localizable.stringsdict; sourceTree = "<group>"; };
		57243B3C27CE8F4300D8A5FB /* hu */ = {isa = PBXFileReference; lastKnownFileType = text.plist.stringsdict; name = hu; path = hu.lproj/Localizable.stringsdict; sourceTree = "<group>"; };
		57243B3E27CE8FDF00D8A5FB /* en */ = {isa = PBXFileReference; lastKnownFileType = text.json; name = en; path = en.lproj/Awards.json; sourceTree = "<group>"; };
		57243B4027CE8FE200D8A5FB /* hu */ = {isa = PBXFileReference; lastKnownFileType = text.json; name = hu; path = hu.lproj/Awards.json; sourceTree = "<group>"; };
		572DE40327E61FFF0091C27E /* ExpandTests.xctest */ = {isa = PBXFileReference; explicitFileType = wrapper.cfbundle; includeInIndex = 0; path = ExpandTests.xctest; sourceTree = BUILT_PRODUCTS_DIR; };
		572DE40527E61FFF0091C27E /* ExpandTests.swift */ = {isa = PBXFileReference; lastKnownFileType = sourcecode.swift; path = ExpandTests.swift; sourceTree = "<group>"; };
		572DE40C27E622420091C27E /* AssestsTest.swift */ = {isa = PBXFileReference; lastKnownFileType = sourcecode.swift; path = AssestsTest.swift; sourceTree = "<group>"; };
		572DE40E27E623210091C27E /* ProjectTests.swift */ = {isa = PBXFileReference; lastKnownFileType = sourcecode.swift; path = ProjectTests.swift; sourceTree = "<group>"; };
		5732D9FD278D1D620082E926 /* Bundle-Decodable.swift */ = {isa = PBXFileReference; lastKnownFileType = sourcecode.swift; path = "Bundle-Decodable.swift"; sourceTree = "<group>"; };
		5732DA01278D21660082E926 /* Award.swift */ = {isa = PBXFileReference; lastKnownFileType = sourcecode.swift; path = Award.swift; sourceTree = "<group>"; };
		5732DA03278D22220082E926 /* AwardsView.swift */ = {isa = PBXFileReference; lastKnownFileType = sourcecode.swift; path = AwardsView.swift; sourceTree = "<group>"; };
		5732DA05278D29C10082E926 /* Color-Additions.swift */ = {isa = PBXFileReference; lastKnownFileType = sourcecode.swift; path = "Color-Additions.swift"; sourceTree = "<group>"; };
		5759EAF62783EDC60003A493 /* HomeView.swift */ = {isa = PBXFileReference; lastKnownFileType = sourcecode.swift; path = HomeView.swift; sourceTree = "<group>"; };
		5759EAF82783EE6E0003A493 /* ProjectsView.swift */ = {isa = PBXFileReference; lastKnownFileType = sourcecode.swift; path = ProjectsView.swift; sourceTree = "<group>"; };
		579C790827822D75008B7845 /* Expand.app */ = {isa = PBXFileReference; explicitFileType = wrapper.application; includeInIndex = 0; path = Expand.app; sourceTree = BUILT_PRODUCTS_DIR; };
		579C790B27822D75008B7845 /* Expand.swift */ = {isa = PBXFileReference; lastKnownFileType = sourcecode.swift; path = Expand.swift; sourceTree = "<group>"; };
		579C790D27822D75008B7845 /* ContentView.swift */ = {isa = PBXFileReference; lastKnownFileType = sourcecode.swift; path = ContentView.swift; sourceTree = "<group>"; };
		579C790F27822D78008B7845 /* Assets.xcassets */ = {isa = PBXFileReference; lastKnownFileType = folder.assetcatalog; path = Assets.xcassets; sourceTree = "<group>"; };
		579C791227822D78008B7845 /* Preview Assets.xcassets */ = {isa = PBXFileReference; lastKnownFileType = folder.assetcatalog; path = "Preview Assets.xcassets"; sourceTree = "<group>"; };
		579C791A2782341B008B7845 /* Main.xcdatamodel */ = {isa = PBXFileReference; lastKnownFileType = wrapper.xcdatamodel; path = Main.xcdatamodel; sourceTree = "<group>"; };
		579C791C2782368F008B7845 /* DataController.swift */ = {isa = PBXFileReference; lastKnownFileType = sourcecode.swift; path = DataController.swift; sourceTree = "<group>"; };
		57B961B72787CA7A00004321 /* Binding-OnChange.swift */ = {isa = PBXFileReference; lastKnownFileType = sourcecode.swift; path = "Binding-OnChange.swift"; sourceTree = "<group>"; };
		57B961B92787CF7900004321 /* ProjectHeaderView.swift */ = {isa = PBXFileReference; lastKnownFileType = sourcecode.swift; path = ProjectHeaderView.swift; sourceTree = "<group>"; };
		57B961BB2787D2C200004321 /* Colors.xcassets */ = {isa = PBXFileReference; lastKnownFileType = folder.assetcatalog; path = Colors.xcassets; sourceTree = "<group>"; };
		57B961BD2787D40800004321 /* EditProjectView.swift */ = {isa = PBXFileReference; lastKnownFileType = sourcecode.swift; path = EditProjectView.swift; sourceTree = "<group>"; };
		57BA0E6F27E8C36100B43372 /* AwardTests.swift */ = {isa = PBXFileReference; lastKnownFileType = sourcecode.swift; path = AwardTests.swift; sourceTree = "<group>"; };
		57D2C0B92785557500F0FE2D /* Item-CoreDataHelpers.swift */ = {isa = PBXFileReference; lastKnownFileType = sourcecode.swift; path = "Item-CoreDataHelpers.swift"; sourceTree = "<group>"; };
		57D2C0BB2785567100F0FE2D /* Project-CoreDataHelpers.swift */ = {isa = PBXFileReference; lastKnownFileType = sourcecode.swift; path = "Project-CoreDataHelpers.swift"; sourceTree = "<group>"; };
		57E038B127DF68640025664F /* ItemListView.swift */ = {isa = PBXFileReference; lastKnownFileType = sourcecode.swift; path = ItemListView.swift; sourceTree = "<group>"; };
		57E038B327DF6A6B0025664F /* ProjectSummaryView.swift */ = {isa = PBXFileReference; lastKnownFileType = sourcecode.swift; path = ProjectSummaryView.swift; sourceTree = "<group>"; };
		57F2AF512786284F00A4D75F /* EditItemView.swift */ = {isa = PBXFileReference; lastKnownFileType = sourcecode.swift; path = EditItemView.swift; sourceTree = "<group>"; };
		57F2AF5327862DA100A4D75F /* ItemRowView.swift */ = {isa = PBXFileReference; lastKnownFileType = sourcecode.swift; path = ItemRowView.swift; sourceTree = "<group>"; };
		57F5CB98278290150006FB1B /* Info.plist */ = {isa = PBXFileReference; lastKnownFileType = text.plist.xml; path = Info.plist; sourceTree = "<group>"; };
/* End PBXFileReference section */

/* Begin PBXFrameworksBuildPhase section */
		572DE40027E61FFF0091C27E /* Frameworks */ = {
			isa = PBXFrameworksBuildPhase;
			buildActionMask = 2147483647;
			files = (
			);
			runOnlyForDeploymentPostprocessing = 0;
		};
		579C790527822D74008B7845 /* Frameworks */ = {
			isa = PBXFrameworksBuildPhase;
			buildActionMask = 2147483647;
			files = (
			);
			runOnlyForDeploymentPostprocessing = 0;
		};
/* End PBXFrameworksBuildPhase section */

/* Begin PBXGroup section */
		572DE40427E61FFF0091C27E /* ExpandTests */ = {
			isa = PBXGroup;
			children = (
				572DE40527E61FFF0091C27E /* ExpandTests.swift */,
				572DE40C27E622420091C27E /* AssestsTest.swift */,
				572DE40E27E623210091C27E /* ProjectTests.swift */,
				57BA0E6F27E8C36100B43372 /* AwardTests.swift */,
			);
			path = ExpandTests;
			sourceTree = "<group>";
		};
		5764387627E383E900AB20BC /* Views */ = {
			isa = PBXGroup;
			children = (
				5759EAF62783EDC60003A493 /* HomeView.swift */,
				57E038B327DF6A6B0025664F /* ProjectSummaryView.swift */,
				57E038B127DF68640025664F /* ItemListView.swift */,
				5759EAF82783EE6E0003A493 /* ProjectsView.swift */,
				57F2AF5327862DA100A4D75F /* ItemRowView.swift */,
				579C790D27822D75008B7845 /* ContentView.swift */,
				57F2AF512786284F00A4D75F /* EditItemView.swift */,
				57B961B92787CF7900004321 /* ProjectHeaderView.swift */,
				57B961BD2787D40800004321 /* EditProjectView.swift */,
				5732DA03278D22220082E926 /* AwardsView.swift */,
			);
			path = Views;
			sourceTree = "<group>";
		};
		5764387727E3843F00AB20BC /* Models */ = {
			isa = PBXGroup;
			children = (
				57D2C0B92785557500F0FE2D /* Item-CoreDataHelpers.swift */,
				57D2C0BB2785567100F0FE2D /* Project-CoreDataHelpers.swift */,
				5732DA01278D21660082E926 /* Award.swift */,
			);
			path = Models;
			sourceTree = "<group>";
		};
		5764387827E3845600AB20BC /* Controllers */ = {
			isa = PBXGroup;
			children = (
				579C791C2782368F008B7845 /* DataController.swift */,
			);
			path = Controllers;
			sourceTree = "<group>";
		};
		5764387927E3846C00AB20BC /* Extensions */ = {
			isa = PBXGroup;
			children = (
				5732D9FD278D1D620082E926 /* Bundle-Decodable.swift */,
				57B961B72787CA7A00004321 /* Binding-OnChange.swift */,
				5732DA05278D29C10082E926 /* Color-Additions.swift */,
			);
			path = Extensions;
			sourceTree = "<group>";
		};
		5764387A27E3848700AB20BC /* Localization */ = {
			isa = PBXGroup;
			children = (
				57243B3F27CE8FDF00D8A5FB /* Awards.json */,
				57243B3727CE8E5300D8A5FB /* Localizable.strings */,
				57243B3B27CE8F4100D8A5FB /* Localizable.stringsdict */,
			);
			path = Localization;
			sourceTree = "<group>";
		};
		5764387B27E384AB00AB20BC /* Configurations */ = {
			isa = PBXGroup;
			children = (
				57F5CB98278290150006FB1B /* Info.plist */,
				579C790B27822D75008B7845 /* Expand.swift */,
				579C79192782341B008B7845 /* Main.xcdatamodeld */,
			);
			path = Configurations;
			sourceTree = "<group>";
		};
		579C78FF27822D74008B7845 = {
			isa = PBXGroup;
			children = (
				579C790A27822D75008B7845 /* Expand */,
				572DE40427E61FFF0091C27E /* ExpandTests */,
				579C790927822D75008B7845 /* Products */,
			);
			sourceTree = "<group>";
		};
		579C790927822D75008B7845 /* Products */ = {
			isa = PBXGroup;
			children = (
				579C790827822D75008B7845 /* Expand.app */,
				572DE40327E61FFF0091C27E /* ExpandTests.xctest */,
			);
			name = Products;
			sourceTree = "<group>";
		};
		579C790A27822D75008B7845 /* Expand */ = {
			isa = PBXGroup;
			children = (
				5764387827E3845600AB20BC /* Controllers */,
				5764387727E3843F00AB20BC /* Models */,
				5764387627E383E900AB20BC /* Views */,
				5764387927E3846C00AB20BC /* Extensions */,
				5764387A27E3848700AB20BC /* Localization */,
				5764387B27E384AB00AB20BC /* Configurations */,
				579C790F27822D78008B7845 /* Assets.xcassets */,
				57B961BB2787D2C200004321 /* Colors.xcassets */,
				579C791127822D78008B7845 /* Preview Content */,
			);
			path = Expand;
			sourceTree = "<group>";
		};
		579C791127822D78008B7845 /* Preview Content */ = {
			isa = PBXGroup;
			children = (
				579C791227822D78008B7845 /* Preview Assets.xcassets */,
			);
			path = "Preview Content";
			sourceTree = "<group>";
		};
/* End PBXGroup section */

/* Begin PBXNativeTarget section */
		572DE40227E61FFF0091C27E /* ExpandTests */ = {
			isa = PBXNativeTarget;
			buildConfigurationList = 572DE40927E61FFF0091C27E /* Build configuration list for PBXNativeTarget "ExpandTests" */;
			buildPhases = (
				572DE3FF27E61FFF0091C27E /* Sources */,
				572DE40027E61FFF0091C27E /* Frameworks */,
				572DE40127E61FFF0091C27E /* Resources */,
			);
			buildRules = (
			);
			dependencies = (
				572DE40827E61FFF0091C27E /* PBXTargetDependency */,
			);
			name = ExpandTests;
			productName = ExpandTests;
			productReference = 572DE40327E61FFF0091C27E /* ExpandTests.xctest */;
			productType = "com.apple.product-type.bundle.unit-test";
		};
		579C790727822D74008B7845 /* Expand */ = {
			isa = PBXNativeTarget;
			buildConfigurationList = 579C791627822D78008B7845 /* Build configuration list for PBXNativeTarget "Expand" */;
			buildPhases = (
				579C790427822D74008B7845 /* Sources */,
				579C790527822D74008B7845 /* Frameworks */,
				579C790627822D74008B7845 /* Resources */,
			);
			buildRules = (
			);
			dependencies = (
			);
			name = Expand;
			productName = SwiftUIPortfolio;
			productReference = 579C790827822D75008B7845 /* Expand.app */;
			productType = "com.apple.product-type.application";
		};
/* End PBXNativeTarget section */

/* Begin PBXProject section */
		579C790027822D74008B7845 /* Project object */ = {
			isa = PBXProject;
			attributes = {
				BuildIndependentTargetsInParallel = 1;
				LastSwiftUpdateCheck = 1320;
				LastUpgradeCheck = 1320;
				TargetAttributes = {
					572DE40227E61FFF0091C27E = {
						CreatedOnToolsVersion = 13.2.1;
						TestTargetID = 579C790727822D74008B7845;
					};
					579C790727822D74008B7845 = {
						CreatedOnToolsVersion = 13.2.1;
					};
				};
			};
			buildConfigurationList = 579C790327822D74008B7845 /* Build configuration list for PBXProject "Expand" */;
			compatibilityVersion = "Xcode 13.0";
			developmentRegion = en;
			hasScannedForEncodings = 0;
			knownRegions = (
				en,
				Base,
				hu,
			);
			mainGroup = 579C78FF27822D74008B7845;
			productRefGroup = 579C790927822D75008B7845 /* Products */;
			projectDirPath = "";
			projectRoot = "";
			targets = (
				579C790727822D74008B7845 /* Expand */,
				572DE40227E61FFF0091C27E /* ExpandTests */,
			);
		};
/* End PBXProject section */

/* Begin PBXResourcesBuildPhase section */
		572DE40127E61FFF0091C27E /* Resources */ = {
			isa = PBXResourcesBuildPhase;
			buildActionMask = 2147483647;
			files = (
			);
			runOnlyForDeploymentPostprocessing = 0;
		};
		579C790627822D74008B7845 /* Resources */ = {
			isa = PBXResourcesBuildPhase;
			buildActionMask = 2147483647;
			files = (
				57243B3527CE8E5300D8A5FB /* Localizable.strings in Resources */,
				57B961BC2787D2C200004321 /* Colors.xcassets in Resources */,
				57243B3D27CE8FDF00D8A5FB /* Awards.json in Resources */,
				579C791327822D78008B7845 /* Preview Assets.xcassets in Resources */,
				579C791027822D78008B7845 /* Assets.xcassets in Resources */,
				57243B3927CE8F4100D8A5FB /* Localizable.stringsdict in Resources */,
			);
			runOnlyForDeploymentPostprocessing = 0;
		};
/* End PBXResourcesBuildPhase section */

/* Begin PBXSourcesBuildPhase section */
		572DE3FF27E61FFF0091C27E /* Sources */ = {
			isa = PBXSourcesBuildPhase;
			buildActionMask = 2147483647;
			files = (
				572DE40D27E622420091C27E /* AssestsTest.swift in Sources */,
				57BA0E7027E8C36100B43372 /* AwardTests.swift in Sources */,
				572DE40627E61FFF0091C27E /* ExpandTests.swift in Sources */,
				572DE40F27E623210091C27E /* ProjectTests.swift in Sources */,
			);
			runOnlyForDeploymentPostprocessing = 0;
		};
		579C790427822D74008B7845 /* Sources */ = {
			isa = PBXSourcesBuildPhase;
			buildActionMask = 2147483647;
			files = (
				5759EAF92783EE6E0003A493 /* ProjectsView.swift in Sources */,
				57B961BA2787CF7900004321 /* ProjectHeaderView.swift in Sources */,
				579C791B2782341B008B7845 /* Main.xcdatamodeld in Sources */,
				57D2C0BC2785567100F0FE2D /* Project-CoreDataHelpers.swift in Sources */,
				57B961BE2787D40800004321 /* EditProjectView.swift in Sources */,
				5732D9FE278D1D620082E926 /* Bundle-Decodable.swift in Sources */,
				5732DA06278D29C10082E926 /* Color-Additions.swift in Sources */,
				579C791D2782368F008B7845 /* DataController.swift in Sources */,
				57F2AF5427862DA100A4D75F /* ItemRowView.swift in Sources */,
				57E038B427DF6A6B0025664F /* ProjectSummaryView.swift in Sources */,
				5732DA04278D22220082E926 /* AwardsView.swift in Sources */,
				579C790E27822D75008B7845 /* ContentView.swift in Sources */,
				57B961B82787CA7A00004321 /* Binding-OnChange.swift in Sources */,
				5759EAF72783EDC60003A493 /* HomeView.swift in Sources */,
				57E038B227DF68640025664F /* ItemListView.swift in Sources */,
				579C790C27822D75008B7845 /* Expand.swift in Sources */,
				57D2C0BA2785557500F0FE2D /* Item-CoreDataHelpers.swift in Sources */,
				5732DA02278D21660082E926 /* Award.swift in Sources */,
				57F2AF522786284F00A4D75F /* EditItemView.swift in Sources */,
			);
			runOnlyForDeploymentPostprocessing = 0;
		};
/* End PBXSourcesBuildPhase section */

/* Begin PBXTargetDependency section */
		572DE40827E61FFF0091C27E /* PBXTargetDependency */ = {
			isa = PBXTargetDependency;
			target = 579C790727822D74008B7845 /* Expand */;
			targetProxy = 572DE40727E61FFF0091C27E /* PBXContainerItemProxy */;
		};
/* End PBXTargetDependency section */

/* Begin PBXVariantGroup section */
		57243B3727CE8E5300D8A5FB /* Localizable.strings */ = {
			isa = PBXVariantGroup;
			children = (
				57243B3627CE8E5300D8A5FB /* en */,
				57243B3827CE8E7300D8A5FB /* hu */,
			);
			name = Localizable.strings;
			sourceTree = "<group>";
		};
		57243B3B27CE8F4100D8A5FB /* Localizable.stringsdict */ = {
			isa = PBXVariantGroup;
			children = (
				57243B3A27CE8F4100D8A5FB /* en */,
				57243B3C27CE8F4300D8A5FB /* hu */,
			);
			name = Localizable.stringsdict;
			sourceTree = "<group>";
		};
		57243B3F27CE8FDF00D8A5FB /* Awards.json */ = {
			isa = PBXVariantGroup;
			children = (
				57243B3E27CE8FDF00D8A5FB /* en */,
				57243B4027CE8FE200D8A5FB /* hu */,
			);
			name = Awards.json;
			sourceTree = "<group>";
		};
/* End PBXVariantGroup section */

/* Begin XCBuildConfiguration section */
		572DE40A27E61FFF0091C27E /* Debug */ = {
			isa = XCBuildConfiguration;
			buildSettings = {
				BUNDLE_LOADER = "$(TEST_HOST)";
				CODE_SIGN_STYLE = Automatic;
				CURRENT_PROJECT_VERSION = 1;
				DEVELOPMENT_TEAM = 62739J54F9;
				GENERATE_INFOPLIST_FILE = YES;
				MARKETING_VERSION = 1.0;
				PRODUCT_BUNDLE_IDENTIFIER = com.yuksekyusuf.ExpandTests;
				PRODUCT_NAME = "$(TARGET_NAME)";
				SWIFT_EMIT_LOC_STRINGS = NO;
				SWIFT_VERSION = 5.0;
				TARGETED_DEVICE_FAMILY = "1,2";
				TEST_HOST = "$(BUILT_PRODUCTS_DIR)/Expand.app/Expand";
			};
			name = Debug;
		};
		572DE40B27E61FFF0091C27E /* Release */ = {
			isa = XCBuildConfiguration;
			buildSettings = {
				BUNDLE_LOADER = "$(TEST_HOST)";
				CODE_SIGN_STYLE = Automatic;
				CURRENT_PROJECT_VERSION = 1;
				DEVELOPMENT_TEAM = 62739J54F9;
				GENERATE_INFOPLIST_FILE = YES;
				MARKETING_VERSION = 1.0;
				PRODUCT_BUNDLE_IDENTIFIER = com.yuksekyusuf.ExpandTests;
				PRODUCT_NAME = "$(TARGET_NAME)";
				SWIFT_EMIT_LOC_STRINGS = NO;
				SWIFT_VERSION = 5.0;
				TARGETED_DEVICE_FAMILY = "1,2";
				TEST_HOST = "$(BUILT_PRODUCTS_DIR)/Expand.app/Expand";
			};
			name = Release;
		};
		579C791427822D78008B7845 /* Debug */ = {
			isa = XCBuildConfiguration;
			buildSettings = {
				ALWAYS_SEARCH_USER_PATHS = NO;
				CLANG_ANALYZER_NONNULL = YES;
				CLANG_ANALYZER_NUMBER_OBJECT_CONVERSION = YES_AGGRESSIVE;
				CLANG_CXX_LANGUAGE_STANDARD = "gnu++17";
				CLANG_CXX_LIBRARY = "libc++";
				CLANG_ENABLE_MODULES = YES;
				CLANG_ENABLE_OBJC_ARC = YES;
				CLANG_ENABLE_OBJC_WEAK = YES;
				CLANG_WARN_BLOCK_CAPTURE_AUTORELEASING = YES;
				CLANG_WARN_BOOL_CONVERSION = YES;
				CLANG_WARN_COMMA = YES;
				CLANG_WARN_CONSTANT_CONVERSION = YES;
				CLANG_WARN_DEPRECATED_OBJC_IMPLEMENTATIONS = YES;
				CLANG_WARN_DIRECT_OBJC_ISA_USAGE = YES_ERROR;
				CLANG_WARN_DOCUMENTATION_COMMENTS = YES;
				CLANG_WARN_EMPTY_BODY = YES;
				CLANG_WARN_ENUM_CONVERSION = YES;
				CLANG_WARN_INFINITE_RECURSION = YES;
				CLANG_WARN_INT_CONVERSION = YES;
				CLANG_WARN_NON_LITERAL_NULL_CONVERSION = YES;
				CLANG_WARN_OBJC_IMPLICIT_RETAIN_SELF = YES;
				CLANG_WARN_OBJC_LITERAL_CONVERSION = YES;
				CLANG_WARN_OBJC_ROOT_CLASS = YES_ERROR;
				CLANG_WARN_QUOTED_INCLUDE_IN_FRAMEWORK_HEADER = YES;
				CLANG_WARN_RANGE_LOOP_ANALYSIS = YES;
				CLANG_WARN_STRICT_PROTOTYPES = YES;
				CLANG_WARN_SUSPICIOUS_MOVE = YES;
				CLANG_WARN_UNGUARDED_AVAILABILITY = YES_AGGRESSIVE;
				CLANG_WARN_UNREACHABLE_CODE = YES;
				CLANG_WARN__DUPLICATE_METHOD_MATCH = YES;
				COPY_PHASE_STRIP = NO;
				DEBUG_INFORMATION_FORMAT = dwarf;
				ENABLE_STRICT_OBJC_MSGSEND = YES;
				ENABLE_TESTABILITY = YES;
				GCC_C_LANGUAGE_STANDARD = gnu11;
				GCC_DYNAMIC_NO_PIC = NO;
				GCC_NO_COMMON_BLOCKS = YES;
				GCC_OPTIMIZATION_LEVEL = 0;
				GCC_PREPROCESSOR_DEFINITIONS = (
					"DEBUG=1",
					"$(inherited)",
				);
				GCC_WARN_64_TO_32_BIT_CONVERSION = YES;
				GCC_WARN_ABOUT_RETURN_TYPE = YES_ERROR;
				GCC_WARN_UNDECLARED_SELECTOR = YES;
				GCC_WARN_UNINITIALIZED_AUTOS = YES_AGGRESSIVE;
				GCC_WARN_UNUSED_FUNCTION = YES;
				GCC_WARN_UNUSED_VARIABLE = YES;
				IPHONEOS_DEPLOYMENT_TARGET = 15.2;
				MTL_ENABLE_DEBUG_INFO = INCLUDE_SOURCE;
				MTL_FAST_MATH = YES;
				ONLY_ACTIVE_ARCH = YES;
				SDKROOT = iphoneos;
				SWIFT_ACTIVE_COMPILATION_CONDITIONS = DEBUG;
				SWIFT_OPTIMIZATION_LEVEL = "-Onone";
			};
			name = Debug;
		};
		579C791527822D78008B7845 /* Release */ = {
			isa = XCBuildConfiguration;
			buildSettings = {
				ALWAYS_SEARCH_USER_PATHS = NO;
				CLANG_ANALYZER_NONNULL = YES;
				CLANG_ANALYZER_NUMBER_OBJECT_CONVERSION = YES_AGGRESSIVE;
				CLANG_CXX_LANGUAGE_STANDARD = "gnu++17";
				CLANG_CXX_LIBRARY = "libc++";
				CLANG_ENABLE_MODULES = YES;
				CLANG_ENABLE_OBJC_ARC = YES;
				CLANG_ENABLE_OBJC_WEAK = YES;
				CLANG_WARN_BLOCK_CAPTURE_AUTORELEASING = YES;
				CLANG_WARN_BOOL_CONVERSION = YES;
				CLANG_WARN_COMMA = YES;
				CLANG_WARN_CONSTANT_CONVERSION = YES;
				CLANG_WARN_DEPRECATED_OBJC_IMPLEMENTATIONS = YES;
				CLANG_WARN_DIRECT_OBJC_ISA_USAGE = YES_ERROR;
				CLANG_WARN_DOCUMENTATION_COMMENTS = YES;
				CLANG_WARN_EMPTY_BODY = YES;
				CLANG_WARN_ENUM_CONVERSION = YES;
				CLANG_WARN_INFINITE_RECURSION = YES;
				CLANG_WARN_INT_CONVERSION = YES;
				CLANG_WARN_NON_LITERAL_NULL_CONVERSION = YES;
				CLANG_WARN_OBJC_IMPLICIT_RETAIN_SELF = YES;
				CLANG_WARN_OBJC_LITERAL_CONVERSION = YES;
				CLANG_WARN_OBJC_ROOT_CLASS = YES_ERROR;
				CLANG_WARN_QUOTED_INCLUDE_IN_FRAMEWORK_HEADER = YES;
				CLANG_WARN_RANGE_LOOP_ANALYSIS = YES;
				CLANG_WARN_STRICT_PROTOTYPES = YES;
				CLANG_WARN_SUSPICIOUS_MOVE = YES;
				CLANG_WARN_UNGUARDED_AVAILABILITY = YES_AGGRESSIVE;
				CLANG_WARN_UNREACHABLE_CODE = YES;
				CLANG_WARN__DUPLICATE_METHOD_MATCH = YES;
				COPY_PHASE_STRIP = NO;
				DEBUG_INFORMATION_FORMAT = "dwarf-with-dsym";
				ENABLE_NS_ASSERTIONS = NO;
				ENABLE_STRICT_OBJC_MSGSEND = YES;
				GCC_C_LANGUAGE_STANDARD = gnu11;
				GCC_NO_COMMON_BLOCKS = YES;
				GCC_WARN_64_TO_32_BIT_CONVERSION = YES;
				GCC_WARN_ABOUT_RETURN_TYPE = YES_ERROR;
				GCC_WARN_UNDECLARED_SELECTOR = YES;
				GCC_WARN_UNINITIALIZED_AUTOS = YES_AGGRESSIVE;
				GCC_WARN_UNUSED_FUNCTION = YES;
				GCC_WARN_UNUSED_VARIABLE = YES;
				IPHONEOS_DEPLOYMENT_TARGET = 15.2;
				MTL_ENABLE_DEBUG_INFO = NO;
				MTL_FAST_MATH = YES;
				SDKROOT = iphoneos;
				SWIFT_COMPILATION_MODE = wholemodule;
				SWIFT_OPTIMIZATION_LEVEL = "-O";
				VALIDATE_PRODUCT = YES;
			};
			name = Release;
		};
		579C791727822D78008B7845 /* Debug */ = {
			isa = XCBuildConfiguration;
			buildSettings = {
				ASSETCATALOG_COMPILER_APPICON_NAME = AppIcon;
				ASSETCATALOG_COMPILER_GLOBAL_ACCENT_COLOR_NAME = AccentColor;
				CODE_SIGN_STYLE = Automatic;
				CURRENT_PROJECT_VERSION = 1;
				DEVELOPMENT_ASSET_PATHS = "\"Expand/Preview Content\"";
				DEVELOPMENT_TEAM = 62739J54F9;
				ENABLE_PREVIEWS = YES;
				GENERATE_INFOPLIST_FILE = YES;
				INFOPLIST_FILE = "";
				"INFOPLIST_FILE[sdk=*]" = Expand/Configurations/info.plist;
				INFOPLIST_KEY_UIApplicationSceneManifest_Generation = YES;
				INFOPLIST_KEY_UIApplicationSupportsIndirectInputEvents = YES;
				INFOPLIST_KEY_UILaunchScreen_Generation = YES;
				INFOPLIST_KEY_UISupportedInterfaceOrientations_iPad = "UIInterfaceOrientationPortrait UIInterfaceOrientationPortraitUpsideDown UIInterfaceOrientationLandscapeLeft UIInterfaceOrientationLandscapeRight";
				INFOPLIST_KEY_UISupportedInterfaceOrientations_iPhone = "UIInterfaceOrientationPortrait UIInterfaceOrientationLandscapeLeft UIInterfaceOrientationLandscapeRight";
				LD_RUNPATH_SEARCH_PATHS = (
					"$(inherited)",
					"@executable_path/Frameworks",
				);
				MARKETING_VERSION = 1.0;
				PRODUCT_BUNDLE_IDENTIFIER = com.yuksekyusuf.Expand;
				PRODUCT_NAME = "$(TARGET_NAME)";
				SWIFT_EMIT_LOC_STRINGS = YES;
				SWIFT_VERSION = 5.0;
				TARGETED_DEVICE_FAMILY = "1,2";
			};
			name = Debug;
		};
		579C791827822D78008B7845 /* Release */ = {
			isa = XCBuildConfiguration;
			buildSettings = {
				ASSETCATALOG_COMPILER_APPICON_NAME = AppIcon;
				ASSETCATALOG_COMPILER_GLOBAL_ACCENT_COLOR_NAME = AccentColor;
				CODE_SIGN_STYLE = Automatic;
				CURRENT_PROJECT_VERSION = 1;
				DEVELOPMENT_ASSET_PATHS = "\"Expand/Preview Content\"";
				DEVELOPMENT_TEAM = 62739J54F9;
				ENABLE_PREVIEWS = YES;
				GENERATE_INFOPLIST_FILE = YES;
				INFOPLIST_FILE = "";
				"INFOPLIST_FILE[sdk=*]" = Expand/Configurations/info.plist;
				INFOPLIST_KEY_UIApplicationSceneManifest_Generation = YES;
				INFOPLIST_KEY_UIApplicationSupportsIndirectInputEvents = YES;
				INFOPLIST_KEY_UILaunchScreen_Generation = YES;
				INFOPLIST_KEY_UISupportedInterfaceOrientations_iPad = "UIInterfaceOrientationPortrait UIInterfaceOrientationPortraitUpsideDown UIInterfaceOrientationLandscapeLeft UIInterfaceOrientationLandscapeRight";
				INFOPLIST_KEY_UISupportedInterfaceOrientations_iPhone = "UIInterfaceOrientationPortrait UIInterfaceOrientationLandscapeLeft UIInterfaceOrientationLandscapeRight";
				LD_RUNPATH_SEARCH_PATHS = (
					"$(inherited)",
					"@executable_path/Frameworks",
				);
				MARKETING_VERSION = 1.0;
				PRODUCT_BUNDLE_IDENTIFIER = com.yuksekyusuf.Expand;
				PRODUCT_NAME = "$(TARGET_NAME)";
				SWIFT_EMIT_LOC_STRINGS = YES;
				SWIFT_VERSION = 5.0;
				TARGETED_DEVICE_FAMILY = "1,2";
			};
			name = Release;
		};
/* End XCBuildConfiguration section */

/* Begin XCConfigurationList section */
		572DE40927E61FFF0091C27E /* Build configuration list for PBXNativeTarget "ExpandTests" */ = {
			isa = XCConfigurationList;
			buildConfigurations = (
				572DE40A27E61FFF0091C27E /* Debug */,
				572DE40B27E61FFF0091C27E /* Release */,
			);
			defaultConfigurationIsVisible = 0;
			defaultConfigurationName = Release;
		};
		579C790327822D74008B7845 /* Build configuration list for PBXProject "Expand" */ = {
			isa = XCConfigurationList;
			buildConfigurations = (
				579C791427822D78008B7845 /* Debug */,
				579C791527822D78008B7845 /* Release */,
			);
			defaultConfigurationIsVisible = 0;
			defaultConfigurationName = Release;
		};
		579C791627822D78008B7845 /* Build configuration list for PBXNativeTarget "Expand" */ = {
			isa = XCConfigurationList;
			buildConfigurations = (
				579C791727822D78008B7845 /* Debug */,
				579C791827822D78008B7845 /* Release */,
			);
			defaultConfigurationIsVisible = 0;
			defaultConfigurationName = Release;
		};
/* End XCConfigurationList section */

/* Begin XCVersionGroup section */
		579C79192782341B008B7845 /* Main.xcdatamodeld */ = {
			isa = XCVersionGroup;
			children = (
				579C791A2782341B008B7845 /* Main.xcdatamodel */,
			);
			currentVersion = 579C791A2782341B008B7845 /* Main.xcdatamodel */;
			path = Main.xcdatamodeld;
			sourceTree = "<group>";
			versionGroupType = wrapper.xcdatamodel;
		};
/* End XCVersionGroup section */
	};
	rootObject = 579C790027822D74008B7845 /* Project object */;
}
