// !$*UTF8*$!
{
	archiveVersion = 1;
	classes = {
	};
	objectVersion = 55;
	objects = {

/* Begin PBXBuildFile section */
		5759EAF72783EDC60003A493 /* HomeView.swift in Sources */ = {isa = PBXBuildFile; fileRef = 5759EAF62783EDC60003A493 /* HomeView.swift */; };
		5759EAF92783EE6E0003A493 /* ProjectsView.swift in Sources */ = {isa = PBXBuildFile; fileRef = 5759EAF82783EE6E0003A493 /* ProjectsView.swift */; };
		579C790C27822D75008B7845 /* Expand.swift in Sources */ = {isa = PBXBuildFile; fileRef = 579C790B27822D75008B7845 /* Expand.swift */; };
		579C790E27822D75008B7845 /* ContentView.swift in Sources */ = {isa = PBXBuildFile; fileRef = 579C790D27822D75008B7845 /* ContentView.swift */; };
		579C791027822D78008B7845 /* Assets.xcassets in Resources */ = {isa = PBXBuildFile; fileRef = 579C790F27822D78008B7845 /* Assets.xcassets */; };
		579C791327822D78008B7845 /* Preview Assets.xcassets in Resources */ = {isa = PBXBuildFile; fileRef = 579C791227822D78008B7845 /* Preview Assets.xcassets */; };
		579C791B2782341B008B7845 /* Main.xcdatamodeld in Sources */ = {isa = PBXBuildFile; fileRef = 579C79192782341B008B7845 /* Main.xcdatamodeld */; };
		579C791D2782368F008B7845 /* DataController.swift in Sources */ = {isa = PBXBuildFile; fileRef = 579C791C2782368F008B7845 /* DataController.swift */; };
		57B961B82787CA7A00004321 /* Binding-OnChange.swift in Sources */ = {isa = PBXBuildFile; fileRef = 57B961B72787CA7A00004321 /* Binding-OnChange.swift */; };
		57D2C0BA2785557500F0FE2D /* Item-CoreDataHelpers.swift in Sources */ = {isa = PBXBuildFile; fileRef = 57D2C0B92785557500F0FE2D /* Item-CoreDataHelpers.swift */; };
		57D2C0BC2785567100F0FE2D /* Project-CoreDataHelpers.swift in Sources */ = {isa = PBXBuildFile; fileRef = 57D2C0BB2785567100F0FE2D /* Project-CoreDataHelpers.swift */; };
		57F2AF522786284F00A4D75F /* EditItemView.swift in Sources */ = {isa = PBXBuildFile; fileRef = 57F2AF512786284F00A4D75F /* EditItemView.swift */; };
		57F2AF5427862DA100A4D75F /* ItemRowView.swift in Sources */ = {isa = PBXBuildFile; fileRef = 57F2AF5327862DA100A4D75F /* ItemRowView.swift */; };
/* End PBXBuildFile section */

/* Begin PBXFileReference section */
		5759EAF62783EDC60003A493 /* HomeView.swift */ = {isa = PBXFileReference; lastKnownFileType = sourcecode.swift; path = HomeView.swift; sourceTree = "<group>"; };
		5759EAF82783EE6E0003A493 /* ProjectsView.swift */ = {isa = PBXFileReference; lastKnownFileType = sourcecode.swift; path = ProjectsView.swift; sourceTree = "<group>"; };
		579C790827822D75008B7845 /* Expand.app */ = {isa = PBXFileReference; explicitFileType = wrapper.application; includeInIndex = 0; path = Expand.app; sourceTree = BUILT_PRODUCTS_DIR; };
		579C790B27822D75008B7845 /* Expand.swift */ = {isa = PBXFileReference; lastKnownFileType = sourcecode.swift; path = Expand.swift; sourceTree = "<group>"; };
		579C790D27822D75008B7845 /* ContentView.swift */ = {isa = PBXFileReference; lastKnownFileType = sourcecode.swift; path = ContentView.swift; sourceTree = "<group>"; };
		579C790F27822D78008B7845 /* Assets.xcassets */ = {isa = PBXFileReference; lastKnownFileType = folder.assetcatalog; path = Assets.xcassets; sourceTree = "<group>"; };
		579C791227822D78008B7845 /* Preview Assets.xcassets */ = {isa = PBXFileReference; lastKnownFileType = folder.assetcatalog; path = "Preview Assets.xcassets"; sourceTree = "<group>"; };
		579C791A2782341B008B7845 /* Main.xcdatamodel */ = {isa = PBXFileReference; lastKnownFileType = wrapper.xcdatamodel; path = Main.xcdatamodel; sourceTree = "<group>"; };
		579C791C2782368F008B7845 /* DataController.swift */ = {isa = PBXFileReference; lastKnownFileType = sourcecode.swift; path = DataController.swift; sourceTree = "<group>"; };
		57B961B72787CA7A00004321 /* Binding-OnChange.swift */ = {isa = PBXFileReference; lastKnownFileType = sourcecode.swift; path = "Binding-OnChange.swift"; sourceTree = "<group>"; };
		57D2C0B92785557500F0FE2D /* Item-CoreDataHelpers.swift */ = {isa = PBXFileReference; lastKnownFileType = sourcecode.swift; path = "Item-CoreDataHelpers.swift"; sourceTree = "<group>"; };
		57D2C0BB2785567100F0FE2D /* Project-CoreDataHelpers.swift */ = {isa = PBXFileReference; lastKnownFileType = sourcecode.swift; path = "Project-CoreDataHelpers.swift"; sourceTree = "<group>"; };
		57F2AF512786284F00A4D75F /* EditItemView.swift */ = {isa = PBXFileReference; lastKnownFileType = sourcecode.swift; path = EditItemView.swift; sourceTree = "<group>"; };
		57F2AF5327862DA100A4D75F /* ItemRowView.swift */ = {isa = PBXFileReference; lastKnownFileType = sourcecode.swift; path = ItemRowView.swift; sourceTree = "<group>"; };
		57F5CB98278290150006FB1B /* Info.plist */ = {isa = PBXFileReference; lastKnownFileType = text.plist; path = Info.plist; sourceTree = "<group>"; };
/* End PBXFileReference section */

/* Begin PBXFrameworksBuildPhase section */
		579C790527822D74008B7845 /* Frameworks */ = {
			isa = PBXFrameworksBuildPhase;
			buildActionMask = 2147483647;
			files = (
			);
			runOnlyForDeploymentPostprocessing = 0;
		};
/* End PBXFrameworksBuildPhase section */

/* Begin PBXGroup section */
		579C78FF27822D74008B7845 = {
			isa = PBXGroup;
			children = (
				579C790A27822D75008B7845 /* Expand */,
				579C790927822D75008B7845 /* Products */,
			);
			sourceTree = "<group>";
		};
		579C790927822D75008B7845 /* Products */ = {
			isa = PBXGroup;
			children = (
				579C790827822D75008B7845 /* Expand.app */,
			);
			name = Products;
			sourceTree = "<group>";
		};
		579C790A27822D75008B7845 /* Expand */ = {
			isa = PBXGroup;
			children = (
				57F5CB98278290150006FB1B /* Info.plist */,
				579C790B27822D75008B7845 /* Expand.swift */,
				579C790D27822D75008B7845 /* ContentView.swift */,
				57F2AF512786284F00A4D75F /* EditItemView.swift */,
				57B961B72787CA7A00004321 /* Binding-OnChange.swift */,
				579C79192782341B008B7845 /* Main.xcdatamodeld */,
				579C791C2782368F008B7845 /* DataController.swift */,
				579C790F27822D78008B7845 /* Assets.xcassets */,
				579C791127822D78008B7845 /* Preview Content */,
				5759EAF62783EDC60003A493 /* HomeView.swift */,
				5759EAF82783EE6E0003A493 /* ProjectsView.swift */,
				57F2AF5327862DA100A4D75F /* ItemRowView.swift */,
				57D2C0B92785557500F0FE2D /* Item-CoreDataHelpers.swift */,
				57D2C0BB2785567100F0FE2D /* Project-CoreDataHelpers.swift */,
			);
			path = Expand;
			sourceTree = "<group>";
		};
		579C791127822D78008B7845 /* Preview Content */ = {
			isa = PBXGroup;
			children = (
				579C791227822D78008B7845 /* Preview Assets.xcassets */,
			);
			path = "Preview Content";
			sourceTree = "<group>";
		};
/* End PBXGroup section */

/* Begin PBXNativeTarget section */
		579C790727822D74008B7845 /* Expand */ = {
			isa = PBXNativeTarget;
			buildConfigurationList = 579C791627822D78008B7845 /* Build configuration list for PBXNativeTarget "Expand" */;
			buildPhases = (
				579C790427822D74008B7845 /* Sources */,
				579C790527822D74008B7845 /* Frameworks */,
				579C790627822D74008B7845 /* Resources */,
			);
			buildRules = (
			);
			dependencies = (
			);
			name = Expand;
			productName = SwiftUIPortfolio;
			productReference = 579C790827822D75008B7845 /* Expand.app */;
			productType = "com.apple.product-type.application";
		};
/* End PBXNativeTarget section */

/* Begin PBXProject section */
		579C790027822D74008B7845 /* Project object */ = {
			isa = PBXProject;
			attributes = {
				BuildIndependentTargetsInParallel = 1;
				LastSwiftUpdateCheck = 1320;
				LastUpgradeCheck = 1320;
				TargetAttributes = {
					579C790727822D74008B7845 = {
						CreatedOnToolsVersion = 13.2.1;
					};
				};
			};
			buildConfigurationList = 579C790327822D74008B7845 /* Build configuration list for PBXProject "Expand" */;
			compatibilityVersion = "Xcode 13.0";
			developmentRegion = en;
			hasScannedForEncodings = 0;
			knownRegions = (
				en,
				Base,
			);
			mainGroup = 579C78FF27822D74008B7845;
			productRefGroup = 579C790927822D75008B7845 /* Products */;
			projectDirPath = "";
			projectRoot = "";
			targets = (
				579C790727822D74008B7845 /* Expand */,
			);
		};
/* End PBXProject section */

/* Begin PBXResourcesBuildPhase section */
		579C790627822D74008B7845 /* Resources */ = {
			isa = PBXResourcesBuildPhase;
			buildActionMask = 2147483647;
			files = (
				579C791327822D78008B7845 /* Preview Assets.xcassets in Resources */,
				579C791027822D78008B7845 /* Assets.xcassets in Resources */,
			);
			runOnlyForDeploymentPostprocessing = 0;
		};
/* End PBXResourcesBuildPhase section */

/* Begin PBXSourcesBuildPhase section */
		579C790427822D74008B7845 /* Sources */ = {
			isa = PBXSourcesBuildPhase;
			buildActionMask = 2147483647;
			files = (
				5759EAF92783EE6E0003A493 /* ProjectsView.swift in Sources */,
				579C791B2782341B008B7845 /* Main.xcdatamodeld in Sources */,
				57D2C0BC2785567100F0FE2D /* Project-CoreDataHelpers.swift in Sources */,
				579C791D2782368F008B7845 /* DataController.swift in Sources */,
				57F2AF5427862DA100A4D75F /* ItemRowView.swift in Sources */,
				579C790E27822D75008B7845 /* ContentView.swift in Sources */,
				57B961B82787CA7A00004321 /* Binding-OnChange.swift in Sources */,
				5759EAF72783EDC60003A493 /* HomeView.swift in Sources */,
				579C790C27822D75008B7845 /* Expand.swift in Sources */,
				57D2C0BA2785557500F0FE2D /* Item-CoreDataHelpers.swift in Sources */,
				57F2AF522786284F00A4D75F /* EditItemView.swift in Sources */,
			);
			runOnlyForDeploymentPostprocessing = 0;
		};
/* End PBXSourcesBuildPhase section */

/* Begin XCBuildConfiguration section */
		579C791427822D78008B7845 /* Debug */ = {
			isa = XCBuildConfiguration;
			buildSettings = {
				ALWAYS_SEARCH_USER_PATHS = NO;
				CLANG_ANALYZER_NONNULL = YES;
				CLANG_ANALYZER_NUMBER_OBJECT_CONVERSION = YES_AGGRESSIVE;
				CLANG_CXX_LANGUAGE_STANDARD = "gnu++17";
				CLANG_CXX_LIBRARY = "libc++";
				CLANG_ENABLE_MODULES = YES;
				CLANG_ENABLE_OBJC_ARC = YES;
				CLANG_ENABLE_OBJC_WEAK = YES;
				CLANG_WARN_BLOCK_CAPTURE_AUTORELEASING = YES;
				CLANG_WARN_BOOL_CONVERSION = YES;
				CLANG_WARN_COMMA = YES;
				CLANG_WARN_CONSTANT_CONVERSION = YES;
				CLANG_WARN_DEPRECATED_OBJC_IMPLEMENTATIONS = YES;
				CLANG_WARN_DIRECT_OBJC_ISA_USAGE = YES_ERROR;
				CLANG_WARN_DOCUMENTATION_COMMENTS = YES;
				CLANG_WARN_EMPTY_BODY = YES;
				CLANG_WARN_ENUM_CONVERSION = YES;
				CLANG_WARN_INFINITE_RECURSION = YES;
				CLANG_WARN_INT_CONVERSION = YES;
				CLANG_WARN_NON_LITERAL_NULL_CONVERSION = YES;
				CLANG_WARN_OBJC_IMPLICIT_RETAIN_SELF = YES;
				CLANG_WARN_OBJC_LITERAL_CONVERSION = YES;
				CLANG_WARN_OBJC_ROOT_CLASS = YES_ERROR;
				CLANG_WARN_QUOTED_INCLUDE_IN_FRAMEWORK_HEADER = YES;
				CLANG_WARN_RANGE_LOOP_ANALYSIS = YES;
				CLANG_WARN_STRICT_PROTOTYPES = YES;
				CLANG_WARN_SUSPICIOUS_MOVE = YES;
				CLANG_WARN_UNGUARDED_AVAILABILITY = YES_AGGRESSIVE;
				CLANG_WARN_UNREACHABLE_CODE = YES;
				CLANG_WARN__DUPLICATE_METHOD_MATCH = YES;
				COPY_PHASE_STRIP = NO;
				DEBUG_INFORMATION_FORMAT = dwarf;
				ENABLE_STRICT_OBJC_MSGSEND = YES;
				ENABLE_TESTABILITY = YES;
				GCC_C_LANGUAGE_STANDARD = gnu11;
				GCC_DYNAMIC_NO_PIC = NO;
				GCC_NO_COMMON_BLOCKS = YES;
				GCC_OPTIMIZATION_LEVEL = 0;
				GCC_PREPROCESSOR_DEFINITIONS = (
					"DEBUG=1",
					"$(inherited)",
				);
				GCC_WARN_64_TO_32_BIT_CONVERSION = YES;
				GCC_WARN_ABOUT_RETURN_TYPE = YES_ERROR;
				GCC_WARN_UNDECLARED_SELECTOR = YES;
				GCC_WARN_UNINITIALIZED_AUTOS = YES_AGGRESSIVE;
				GCC_WARN_UNUSED_FUNCTION = YES;
				GCC_WARN_UNUSED_VARIABLE = YES;
				IPHONEOS_DEPLOYMENT_TARGET = 15.2;
				MTL_ENABLE_DEBUG_INFO = INCLUDE_SOURCE;
				MTL_FAST_MATH = YES;
				ONLY_ACTIVE_ARCH = YES;
				SDKROOT = iphoneos;
				SWIFT_ACTIVE_COMPILATION_CONDITIONS = DEBUG;
				SWIFT_OPTIMIZATION_LEVEL = "-Onone";
			};
			name = Debug;
		};
		579C791527822D78008B7845 /* Release */ = {
			isa = XCBuildConfiguration;
			buildSettings = {
				ALWAYS_SEARCH_USER_PATHS = NO;
				CLANG_ANALYZER_NONNULL = YES;
				CLANG_ANALYZER_NUMBER_OBJECT_CONVERSION = YES_AGGRESSIVE;
				CLANG_CXX_LANGUAGE_STANDARD = "gnu++17";
				CLANG_CXX_LIBRARY = "libc++";
				CLANG_ENABLE_MODULES = YES;
				CLANG_ENABLE_OBJC_ARC = YES;
				CLANG_ENABLE_OBJC_WEAK = YES;
				CLANG_WARN_BLOCK_CAPTURE_AUTORELEASING = YES;
				CLANG_WARN_BOOL_CONVERSION = YES;
				CLANG_WARN_COMMA = YES;
				CLANG_WARN_CONSTANT_CONVERSION = YES;
				CLANG_WARN_DEPRECATED_OBJC_IMPLEMENTATIONS = YES;
				CLANG_WARN_DIRECT_OBJC_ISA_USAGE = YES_ERROR;
				CLANG_WARN_DOCUMENTATION_COMMENTS = YES;
				CLANG_WARN_EMPTY_BODY = YES;
				CLANG_WARN_ENUM_CONVERSION = YES;
				CLANG_WARN_INFINITE_RECURSION = YES;
				CLANG_WARN_INT_CONVERSION = YES;
				CLANG_WARN_NON_LITERAL_NULL_CONVERSION = YES;
				CLANG_WARN_OBJC_IMPLICIT_RETAIN_SELF = YES;
				CLANG_WARN_OBJC_LITERAL_CONVERSION = YES;
				CLANG_WARN_OBJC_ROOT_CLASS = YES_ERROR;
				CLANG_WARN_QUOTED_INCLUDE_IN_FRAMEWORK_HEADER = YES;
				CLANG_WARN_RANGE_LOOP_ANALYSIS = YES;
				CLANG_WARN_STRICT_PROTOTYPES = YES;
				CLANG_WARN_SUSPICIOUS_MOVE = YES;
				CLANG_WARN_UNGUARDED_AVAILABILITY = YES_AGGRESSIVE;
				CLANG_WARN_UNREACHABLE_CODE = YES;
				CLANG_WARN__DUPLICATE_METHOD_MATCH = YES;
				COPY_PHASE_STRIP = NO;
				DEBUG_INFORMATION_FORMAT = "dwarf-with-dsym";
				ENABLE_NS_ASSERTIONS = NO;
				ENABLE_STRICT_OBJC_MSGSEND = YES;
				GCC_C_LANGUAGE_STANDARD = gnu11;
				GCC_NO_COMMON_BLOCKS = YES;
				GCC_WARN_64_TO_32_BIT_CONVERSION = YES;
				GCC_WARN_ABOUT_RETURN_TYPE = YES_ERROR;
				GCC_WARN_UNDECLARED_SELECTOR = YES;
				GCC_WARN_UNINITIALIZED_AUTOS = YES_AGGRESSIVE;
				GCC_WARN_UNUSED_FUNCTION = YES;
				GCC_WARN_UNUSED_VARIABLE = YES;
				IPHONEOS_DEPLOYMENT_TARGET = 15.2;
				MTL_ENABLE_DEBUG_INFO = NO;
				MTL_FAST_MATH = YES;
				SDKROOT = iphoneos;
				SWIFT_COMPILATION_MODE = wholemodule;
				SWIFT_OPTIMIZATION_LEVEL = "-O";
				VALIDATE_PRODUCT = YES;
			};
			name = Release;
		};
		579C791727822D78008B7845 /* Debug */ = {
			isa = XCBuildConfiguration;
			buildSettings = {
				ASSETCATALOG_COMPILER_APPICON_NAME = AppIcon;
				ASSETCATALOG_COMPILER_GLOBAL_ACCENT_COLOR_NAME = AccentColor;
				CODE_SIGN_ENTITLEMENTS = Expand/ExpandDebug.entitlements;
				CODE_SIGN_STYLE = Automatic;
				CURRENT_PROJECT_VERSION = 1;
				DEVELOPMENT_ASSET_PATHS = "\"Expand/Preview Content\"";
				DEVELOPMENT_TEAM = 62739J54F9;
				ENABLE_PREVIEWS = YES;
				GENERATE_INFOPLIST_FILE = YES;
				INFOPLIST_FILE = Expand/Info.plist;
				INFOPLIST_KEY_UIApplicationSceneManifest_Generation = YES;
				INFOPLIST_KEY_UIApplicationSupportsIndirectInputEvents = YES;
				INFOPLIST_KEY_UILaunchScreen_Generation = YES;
				INFOPLIST_KEY_UISupportedInterfaceOrientations_iPad = "UIInterfaceOrientationPortrait UIInterfaceOrientationPortraitUpsideDown UIInterfaceOrientationLandscapeLeft UIInterfaceOrientationLandscapeRight";
				INFOPLIST_KEY_UISupportedInterfaceOrientations_iPhone = "UIInterfaceOrientationPortrait UIInterfaceOrientationLandscapeLeft UIInterfaceOrientationLandscapeRight";
				LD_RUNPATH_SEARCH_PATHS = (
					"$(inherited)",
					"@executable_path/Frameworks",
				);
				MARKETING_VERSION = 1.0;
				PRODUCT_BUNDLE_IDENTIFIER = com.yusufyuksek.SwiftUIPortfolio;
				PRODUCT_NAME = "$(TARGET_NAME)";
				SWIFT_EMIT_LOC_STRINGS = YES;
				SWIFT_VERSION = 5.0;
				TARGETED_DEVICE_FAMILY = "1,2";
			};
			name = Debug;
		};
		579C791827822D78008B7845 /* Release */ = {
			isa = XCBuildConfiguration;
			buildSettings = {
				ASSETCATALOG_COMPILER_APPICON_NAME = AppIcon;
				ASSETCATALOG_COMPILER_GLOBAL_ACCENT_COLOR_NAME = AccentColor;
				CODE_SIGN_STYLE = Automatic;
				CURRENT_PROJECT_VERSION = 1;
				DEVELOPMENT_ASSET_PATHS = "\"Expand/Preview Content\"";
				DEVELOPMENT_TEAM = 62739J54F9;
				ENABLE_PREVIEWS = YES;
				GENERATE_INFOPLIST_FILE = YES;
				INFOPLIST_FILE = Expand/Info.plist;
				INFOPLIST_KEY_UIApplicationSceneManifest_Generation = YES;
				INFOPLIST_KEY_UIApplicationSupportsIndirectInputEvents = YES;
				INFOPLIST_KEY_UILaunchScreen_Generation = YES;
				INFOPLIST_KEY_UISupportedInterfaceOrientations_iPad = "UIInterfaceOrientationPortrait UIInterfaceOrientationPortraitUpsideDown UIInterfaceOrientationLandscapeLeft UIInterfaceOrientationLandscapeRight";
				INFOPLIST_KEY_UISupportedInterfaceOrientations_iPhone = "UIInterfaceOrientationPortrait UIInterfaceOrientationLandscapeLeft UIInterfaceOrientationLandscapeRight";
				LD_RUNPATH_SEARCH_PATHS = (
					"$(inherited)",
					"@executable_path/Frameworks",
				);
				MARKETING_VERSION = 1.0;
				PRODUCT_BUNDLE_IDENTIFIER = com.yuksekyusuf.SwiftUIPortfolio;
				PRODUCT_NAME = "$(TARGET_NAME)";
				SWIFT_EMIT_LOC_STRINGS = YES;
				SWIFT_VERSION = 5.0;
				TARGETED_DEVICE_FAMILY = "1,2";
			};
			name = Release;
		};
/* End XCBuildConfiguration section */

/* Begin XCConfigurationList section */
		579C790327822D74008B7845 /* Build configuration list for PBXProject "Expand" */ = {
			isa = XCConfigurationList;
			buildConfigurations = (
				579C791427822D78008B7845 /* Debug */,
				579C791527822D78008B7845 /* Release */,
			);
			defaultConfigurationIsVisible = 0;
			defaultConfigurationName = Release;
		};
		579C791627822D78008B7845 /* Build configuration list for PBXNativeTarget "Expand" */ = {
			isa = XCConfigurationList;
			buildConfigurations = (
				579C791727822D78008B7845 /* Debug */,
				579C791827822D78008B7845 /* Release */,
			);
			defaultConfigurationIsVisible = 0;
			defaultConfigurationName = Release;
		};
/* End XCConfigurationList section */

/* Begin XCVersionGroup section */
		579C79192782341B008B7845 /* Main.xcdatamodeld */ = {
			isa = XCVersionGroup;
			children = (
				579C791A2782341B008B7845 /* Main.xcdatamodel */,
			);
			currentVersion = 579C791A2782341B008B7845 /* Main.xcdatamodel */;
			path = Main.xcdatamodeld;
			sourceTree = "<group>";
			versionGroupType = wrapper.xcdatamodel;
		};
/* End XCVersionGroup section */
	};
	rootObject = 579C790027822D74008B7845 /* Project object */;
}
